
Microsoft Visual Studio Solution File, Format Version 12.00
# Visual Studio 15
VisualStudioVersion = 15.0.27428.2002
MinimumVisualStudioVersion = 10.0.40219.1
Project("{888888A0-9F3D-457C-B088-3A5042F75D52}") = "billboard-stats", "billboard-stats\billboard-stats.pyproj", "{CF6E2B1D-EEDB-483E-BDD1-744C78A6C301}"
EndProject
Global
	GlobalSection(SolutionConfigurationPlatforms) = preSolution
		Debug|Any CPU = Debug|Any CPU
		Release|Any CPU = Release|Any CPU
	EndGlobalSection
	GlobalSection(ProjectConfigurationPlatforms) = postSolution
		{CF6E2B1D-EEDB-483E-BDD1-744C78A6C301}.Debug|Any CPU.ActiveCfg = Debug|Any CPU
		{CF6E2B1D-EEDB-483E-BDD1-744C78A6C301}.Debug|Any CPU.Build.0 = Debug|Any CPU
		{CF6E2B1D-EEDB-483E-BDD1-744C78A6C301}.Release|Any CPU.ActiveCfg = Release|Any CPU
		{CF6E2B1D-EEDB-483E-BDD1-744C78A6C301}.Release|Any CPU.Build.0 = Release|Any CPU
	EndGlobalSection
	GlobalSection(SolutionProperties) = preSolution
		HideSolutionNode = FALSE
	EndGlobalSection
	GlobalSection(ExtensibilityGlobals) = postSolution
		SolutionGuid = {7A60513A-AFA7-4E0D-8FD2-EE06DBD37D06}
	EndGlobalSection
EndGlobal
